
Microsoft Visual Studio Solution File, Format Version 12.00
# Visual Studio Version 17
VisualStudioVersion = 17.3.32804.467
MinimumVisualStudioVersion = 10.0.40219.1
Project("{9A19103F-16F7-4668-BE54-9A1E7A4F7556}") = "KampIntro", "KampIntro\KampIntro.csproj", "{D6D726C4-76B5-4EAD-9A11-D84D4C6A1E5E}"
EndProject
Project("{9A19103F-16F7-4668-BE54-9A1E7A4F7556}") = "Döngüler", "Döngüler\Döngüler.csproj", "{E3F935F7-3C62-46E4-98DF-DB25B1E007AD}"
EndProject
Project("{9A19103F-16F7-4668-BE54-9A1E7A4F7556}") = "ClassIntro", "ClassIntro\ClassIntro.csproj", "{F3AB94BD-FC40-4E32-8321-CEC096AF1F59}"
EndProject
Project("{9A19103F-16F7-4668-BE54-9A1E7A4F7556}") = "Methotlar", "Methotlar\Methotlar.csproj", "{0B5C4F7E-4F1C-439A-9667-409AF0220A43}"
EndProject
Project("{9A19103F-16F7-4668-BE54-9A1E7A4F7556}") = "Matematik", "Matematik\Matematik.csproj", "{DA561027-93C0-4968-B6EB-7D57E1512888}"
EndProject
Project("{9A19103F-16F7-4668-BE54-9A1E7A4F7556}") = "DegerVeReferansTipler", "DegerVeReferansTipler\DegerVeReferansTipler.csproj", "{488A3852-939E-4B2E-878A-EA9712D0EDA2}"
EndProject
Project("{9A19103F-16F7-4668-BE54-9A1E7A4F7556}") = "ClassMetotDemo", "ClassMetotDemo\ClassMetotDemo.csproj", "{F385490D-1364-4D68-A9E0-5AAB4BADD588}"
EndProject
Project("{9A19103F-16F7-4668-BE54-9A1E7A4F7556}") = "OOP1", "OOP1\OOP1.csproj", "{B62CD35D-1B83-49DC-956C-4665C11AE4C1}"
EndProject
Project("{9A19103F-16F7-4668-BE54-9A1E7A4F7556}") = "Koleksiyonlar", "Koleksiyonlar\Koleksiyonlar.csproj", "{9388C6D4-366D-494E-A53A-6E07FD93A215}"
EndProject
Project("{9A19103F-16F7-4668-BE54-9A1E7A4F7556}") = "GenericsIntro", "GenericsIntro\GenericsIntro.csproj", "{F84FDFBC-9C14-4AC1-A801-66002D87E3BD}"
EndProject
Project("{9A19103F-16F7-4668-BE54-9A1E7A4F7556}") = "GenericDictionary", "GenericDictionary\GenericDictionary.csproj", "{BB69E67C-AC46-4A57-83A5-18BE5EC6BD0C}"
EndProject
Project("{9A19103F-16F7-4668-BE54-9A1E7A4F7556}") = "OOP2", "OOP2\OOP2.csproj", "{F4EB190E-5031-44D1-8CF5-F57761059448}"
EndProject
Project("{9A19103F-16F7-4668-BE54-9A1E7A4F7556}") = "OOP3", "OOP3\OOP3.csproj", "{04479263-2994-4BBE-AF26-743EBF153FB3}"
EndProject
Project("{FAE04EC0-301F-11D3-BF4B-00C04F79EFBC}") = "RecapDemo1", "RecapDemo1\RecapDemo1.csproj", "{7FD6407C-A70A-48F5-B3F7-413A296C75C9}"
EndProject
Project("{FAE04EC0-301F-11D3-BF4B-00C04F79EFBC}") = "InterfaceAbstractDemo", "InterfaceAbstractDemo\InterfaceAbstractDemo.csproj", "{325989D7-6175-4762-AF15-441E4DEEEB93}"
EndProject
Global
	GlobalSection(SolutionConfigurationPlatforms) = preSolution
		Debug|Any CPU = Debug|Any CPU
		Release|Any CPU = Release|Any CPU
	EndGlobalSection
	GlobalSection(ProjectConfigurationPlatforms) = postSolution
		{D6D726C4-76B5-4EAD-9A11-D84D4C6A1E5E}.Debug|Any CPU.ActiveCfg = Debug|Any CPU
		{D6D726C4-76B5-4EAD-9A11-D84D4C6A1E5E}.Debug|Any CPU.Build.0 = Debug|Any CPU
		{D6D726C4-76B5-4EAD-9A11-D84D4C6A1E5E}.Release|Any CPU.ActiveCfg = Release|Any CPU
		{D6D726C4-76B5-4EAD-9A11-D84D4C6A1E5E}.Release|Any CPU.Build.0 = Release|Any CPU
		{E3F935F7-3C62-46E4-98DF-DB25B1E007AD}.Debug|Any CPU.ActiveCfg = Debug|Any CPU
		{E3F935F7-3C62-46E4-98DF-DB25B1E007AD}.Debug|Any CPU.Build.0 = Debug|Any CPU
		{E3F935F7-3C62-46E4-98DF-DB25B1E007AD}.Release|Any CPU.ActiveCfg = Release|Any CPU
		{E3F935F7-3C62-46E4-98DF-DB25B1E007AD}.Release|Any CPU.Build.0 = Release|Any CPU
		{F3AB94BD-FC40-4E32-8321-CEC096AF1F59}.Debug|Any CPU.ActiveCfg = Debug|Any CPU
		{F3AB94BD-FC40-4E32-8321-CEC096AF1F59}.Debug|Any CPU.Build.0 = Debug|Any CPU
		{F3AB94BD-FC40-4E32-8321-CEC096AF1F59}.Release|Any CPU.ActiveCfg = Release|Any CPU
		{F3AB94BD-FC40-4E32-8321-CEC096AF1F59}.Release|Any CPU.Build.0 = Release|Any CPU
		{0B5C4F7E-4F1C-439A-9667-409AF0220A43}.Debug|Any CPU.ActiveCfg = Debug|Any CPU
		{0B5C4F7E-4F1C-439A-9667-409AF0220A43}.Debug|Any CPU.Build.0 = Debug|Any CPU
		{0B5C4F7E-4F1C-439A-9667-409AF0220A43}.Release|Any CPU.ActiveCfg = Release|Any CPU
		{0B5C4F7E-4F1C-439A-9667-409AF0220A43}.Release|Any CPU.Build.0 = Release|Any CPU
		{DA561027-93C0-4968-B6EB-7D57E1512888}.Debug|Any CPU.ActiveCfg = Debug|Any CPU
		{DA561027-93C0-4968-B6EB-7D57E1512888}.Debug|Any CPU.Build.0 = Debug|Any CPU
		{DA561027-93C0-4968-B6EB-7D57E1512888}.Release|Any CPU.ActiveCfg = Release|Any CPU
		{DA561027-93C0-4968-B6EB-7D57E1512888}.Release|Any CPU.Build.0 = Release|Any CPU
		{488A3852-939E-4B2E-878A-EA9712D0EDA2}.Debug|Any CPU.ActiveCfg = Debug|Any CPU
		{488A3852-939E-4B2E-878A-EA9712D0EDA2}.Debug|Any CPU.Build.0 = Debug|Any CPU
		{488A3852-939E-4B2E-878A-EA9712D0EDA2}.Release|Any CPU.ActiveCfg = Release|Any CPU
		{488A3852-939E-4B2E-878A-EA9712D0EDA2}.Release|Any CPU.Build.0 = Release|Any CPU
		{F385490D-1364-4D68-A9E0-5AAB4BADD588}.Debug|Any CPU.ActiveCfg = Debug|Any CPU
		{F385490D-1364-4D68-A9E0-5AAB4BADD588}.Debug|Any CPU.Build.0 = Debug|Any CPU
		{F385490D-1364-4D68-A9E0-5AAB4BADD588}.Release|Any CPU.ActiveCfg = Release|Any CPU
		{F385490D-1364-4D68-A9E0-5AAB4BADD588}.Release|Any CPU.Build.0 = Release|Any CPU
		{B62CD35D-1B83-49DC-956C-4665C11AE4C1}.Debug|Any CPU.ActiveCfg = Debug|Any CPU
		{B62CD35D-1B83-49DC-956C-4665C11AE4C1}.Debug|Any CPU.Build.0 = Debug|Any CPU
		{B62CD35D-1B83-49DC-956C-4665C11AE4C1}.Release|Any CPU.ActiveCfg = Release|Any CPU
		{B62CD35D-1B83-49DC-956C-4665C11AE4C1}.Release|Any CPU.Build.0 = Release|Any CPU
		{9388C6D4-366D-494E-A53A-6E07FD93A215}.Debug|Any CPU.ActiveCfg = Debug|Any CPU
		{9388C6D4-366D-494E-A53A-6E07FD93A215}.Debug|Any CPU.Build.0 = Debug|Any CPU
		{9388C6D4-366D-494E-A53A-6E07FD93A215}.Release|Any CPU.ActiveCfg = Release|Any CPU
		{9388C6D4-366D-494E-A53A-6E07FD93A215}.Release|Any CPU.Build.0 = Release|Any CPU
		{F84FDFBC-9C14-4AC1-A801-66002D87E3BD}.Debug|Any CPU.ActiveCfg = Debug|Any CPU
		{F84FDFBC-9C14-4AC1-A801-66002D87E3BD}.Debug|Any CPU.Build.0 = Debug|Any CPU
		{F84FDFBC-9C14-4AC1-A801-66002D87E3BD}.Release|Any CPU.ActiveCfg = Release|Any CPU
		{F84FDFBC-9C14-4AC1-A801-66002D87E3BD}.Release|Any CPU.Build.0 = Release|Any CPU
		{BB69E67C-AC46-4A57-83A5-18BE5EC6BD0C}.Debug|Any CPU.ActiveCfg = Debug|Any CPU
		{BB69E67C-AC46-4A57-83A5-18BE5EC6BD0C}.Debug|Any CPU.Build.0 = Debug|Any CPU
		{BB69E67C-AC46-4A57-83A5-18BE5EC6BD0C}.Release|Any CPU.ActiveCfg = Release|Any CPU
		{BB69E67C-AC46-4A57-83A5-18BE5EC6BD0C}.Release|Any CPU.Build.0 = Release|Any CPU
		{F4EB190E-5031-44D1-8CF5-F57761059448}.Debug|Any CPU.ActiveCfg = Debug|Any CPU
		{F4EB190E-5031-44D1-8CF5-F57761059448}.Debug|Any CPU.Build.0 = Debug|Any CPU
		{F4EB190E-5031-44D1-8CF5-F57761059448}.Release|Any CPU.ActiveCfg = Release|Any CPU
		{F4EB190E-5031-44D1-8CF5-F57761059448}.Release|Any CPU.Build.0 = Release|Any CPU
		{04479263-2994-4BBE-AF26-743EBF153FB3}.Debug|Any CPU.ActiveCfg = Debug|Any CPU
		{04479263-2994-4BBE-AF26-743EBF153FB3}.Debug|Any CPU.Build.0 = Debug|Any CPU
		{04479263-2994-4BBE-AF26-743EBF153FB3}.Release|Any CPU.ActiveCfg = Release|Any CPU
		{04479263-2994-4BBE-AF26-743EBF153FB3}.Release|Any CPU.Build.0 = Release|Any CPU
		{7FD6407C-A70A-48F5-B3F7-413A296C75C9}.Debug|Any CPU.ActiveCfg = Debug|Any CPU
		{7FD6407C-A70A-48F5-B3F7-413A296C75C9}.Debug|Any CPU.Build.0 = Debug|Any CPU
		{7FD6407C-A70A-48F5-B3F7-413A296C75C9}.Release|Any CPU.ActiveCfg = Release|Any CPU
		{7FD6407C-A70A-48F5-B3F7-413A296C75C9}.Release|Any CPU.Build.0 = Release|Any CPU
		{325989D7-6175-4762-AF15-441E4DEEEB93}.Debug|Any CPU.ActiveCfg = Debug|Any CPU
		{325989D7-6175-4762-AF15-441E4DEEEB93}.Debug|Any CPU.Build.0 = Debug|Any CPU
		{325989D7-6175-4762-AF15-441E4DEEEB93}.Release|Any CPU.ActiveCfg = Release|Any CPU
		{325989D7-6175-4762-AF15-441E4DEEEB93}.Release|Any CPU.Build.0 = Release|Any CPU
	EndGlobalSection
	GlobalSection(SolutionProperties) = preSolution
		HideSolutionNode = FALSE
	EndGlobalSection
	GlobalSection(ExtensibilityGlobals) = postSolution
		SolutionGuid = {496C85E4-29BC-4A80-BB09-6475115380C7}
	EndGlobalSection
EndGlobal
